// !$*UTF8*$!
{
	archiveVersion = 1;
	classes = {
	};
	objectVersion = 46;
	objects = {

/* Begin PBXBuildFile section */
		A36454711A9CD52700D8FD63 /* main.m in Sources */ = {isa = PBXBuildFile; fileRef = A36454701A9CD52700D8FD63 /* main.m */; };
		A36454741A9CD52700D8FD63 /* AppDelegate.m in Sources */ = {isa = PBXBuildFile; fileRef = A36454731A9CD52700D8FD63 /* AppDelegate.m */; };
		A36454761A9CD52700D8FD63 /* Images.xcassets in Resources */ = {isa = PBXBuildFile; fileRef = A36454751A9CD52700D8FD63 /* Images.xcassets */; };
		A36454791A9CD52700D8FD63 /* LaunchScreen.xib in Resources */ = {isa = PBXBuildFile; fileRef = A36454771A9CD52700D8FD63 /* LaunchScreen.xib */; };
		A36454851A9CD52800D8FD63 /* RESAssignment4Tests.m in Sources */ = {isa = PBXBuildFile; fileRef = A36454841A9CD52800D8FD63 /* RESAssignment4Tests.m */; };
		A36454951A9CD5F000D8FD63 /* RESDataModel.m in Sources */ = {isa = PBXBuildFile; fileRef = A36454941A9CD5F000D8FD63 /* RESDataModel.m */; };
		A377888F1A9FC0E700BF4544 /* RESTableViewController.xib in Resources */ = {isa = PBXBuildFile; fileRef = A377888E1A9FC0E700BF4544 /* RESTableViewController.xib */; };
		A3CC1F8A1A9D060D00F0365F /* RESWebViewController.m in Sources */ = {isa = PBXBuildFile; fileRef = A3CC1F881A9D060D00F0365F /* RESWebViewController.m */; };
		A3CC1F8B1A9D060D00F0365F /* RESWebViewController.xib in Resources */ = {isa = PBXBuildFile; fileRef = A3CC1F891A9D060D00F0365F /* RESWebViewController.xib */; };
		A3CC1F8F1A9D0A3700F0365F /* RESTableViewController.m in Sources */ = {isa = PBXBuildFile; fileRef = A3CC1F8D1A9D0A3700F0365F /* RESTableViewController.m */; };
/* End PBXBuildFile section */

/* Begin PBXContainerItemProxy section */
		A364547F1A9CD52800D8FD63 /* PBXContainerItemProxy */ = {
			isa = PBXContainerItemProxy;
			containerPortal = A36454631A9CD52700D8FD63 /* Project object */;
			proxyType = 1;
			remoteGlobalIDString = A364546A1A9CD52700D8FD63;
			remoteInfo = RESAssignment4;
		};
/* End PBXContainerItemProxy section */

/* Begin PBXFileReference section */
		A364546B1A9CD52700D8FD63 /* RESAssignment4.app */ = {isa = PBXFileReference; explicitFileType = wrapper.application; includeInIndex = 0; path = RESAssignment4.app; sourceTree = BUILT_PRODUCTS_DIR; };
		A364546F1A9CD52700D8FD63 /* Info.plist */ = {isa = PBXFileReference; lastKnownFileType = text.plist.xml; path = Info.plist; sourceTree = "<group>"; };
		A36454701A9CD52700D8FD63 /* main.m */ = {isa = PBXFileReference; lastKnownFileType = sourcecode.c.objc; path = main.m; sourceTree = "<group>"; };
		A36454721A9CD52700D8FD63 /* AppDelegate.h */ = {isa = PBXFileReference; lastKnownFileType = sourcecode.c.h; path = AppDelegate.h; sourceTree = "<group>"; };
		A36454731A9CD52700D8FD63 /* AppDelegate.m */ = {isa = PBXFileReference; lastKnownFileType = sourcecode.c.objc; path = AppDelegate.m; sourceTree = "<group>"; };
		A36454751A9CD52700D8FD63 /* Images.xcassets */ = {isa = PBXFileReference; lastKnownFileType = folder.assetcatalog; path = Images.xcassets; sourceTree = "<group>"; };
		A36454781A9CD52700D8FD63 /* Base */ = {isa = PBXFileReference; lastKnownFileType = file.xib; name = Base; path = Base.lproj/LaunchScreen.xib; sourceTree = "<group>"; };
		A364547E1A9CD52800D8FD63 /* RESAssignment4Tests.xctest */ = {isa = PBXFileReference; explicitFileType = wrapper.cfbundle; includeInIndex = 0; path = RESAssignment4Tests.xctest; sourceTree = BUILT_PRODUCTS_DIR; };
		A36454831A9CD52800D8FD63 /* Info.plist */ = {isa = PBXFileReference; lastKnownFileType = text.plist.xml; path = Info.plist; sourceTree = "<group>"; };
		A36454841A9CD52800D8FD63 /* RESAssignment4Tests.m */ = {isa = PBXFileReference; lastKnownFileType = sourcecode.c.objc; path = RESAssignment4Tests.m; sourceTree = "<group>"; };
		A36454931A9CD5F000D8FD63 /* RESDataModel.h */ = {isa = PBXFileReference; fileEncoding = 4; lastKnownFileType = sourcecode.c.h; path = RESDataModel.h; sourceTree = "<group>"; };
		A36454941A9CD5F000D8FD63 /* RESDataModel.m */ = {isa = PBXFileReference; fileEncoding = 4; lastKnownFileType = sourcecode.c.objc; path = RESDataModel.m; sourceTree = "<group>"; };
		A377888E1A9FC0E700BF4544 /* RESTableViewController.xib */ = {isa = PBXFileReference; fileEncoding = 4; lastKnownFileType = file.xib; path = RESTableViewController.xib; sourceTree = SOURCE_ROOT; };
		A3CC1F871A9D060D00F0365F /* RESWebViewController.h */ = {isa = PBXFileReference; fileEncoding = 4; lastKnownFileType = sourcecode.c.h; path = RESWebViewController.h; sourceTree = "<group>"; };
		A3CC1F881A9D060D00F0365F /* RESWebViewController.m */ = {isa = PBXFileReference; fileEncoding = 4; lastKnownFileType = sourcecode.c.objc; path = RESWebViewController.m; sourceTree = "<group>"; };
		A3CC1F891A9D060D00F0365F /* RESWebViewController.xib */ = {isa = PBXFileReference; fileEncoding = 4; lastKnownFileType = file.xib; path = RESWebViewController.xib; sourceTree = "<group>"; };
		A3CC1F8C1A9D0A3700F0365F /* RESTableViewController.h */ = {isa = PBXFileReference; fileEncoding = 4; lastKnownFileType = sourcecode.c.h; name = RESTableViewController.h; path = ../RESTableViewController.h; sourceTree = "<group>"; };
		A3CC1F8D1A9D0A3700F0365F /* RESTableViewController.m */ = {isa = PBXFileReference; fileEncoding = 4; lastKnownFileType = sourcecode.c.objc; name = RESTableViewController.m; path = ../RESTableViewController.m; sourceTree = "<group>"; };
/* End PBXFileReference section */

/* Begin PBXFrameworksBuildPhase section */
		A36454681A9CD52700D8FD63 /* Frameworks */ = {
			isa = PBXFrameworksBuildPhase;
			buildActionMask = 2147483647;
			files = (
			);
			runOnlyForDeploymentPostprocessing = 0;
		};
		A364547B1A9CD52800D8FD63 /* Frameworks */ = {
			isa = PBXFrameworksBuildPhase;
			buildActionMask = 2147483647;
			files = (
			);
			runOnlyForDeploymentPostprocessing = 0;
		};
/* End PBXFrameworksBuildPhase section */

/* Begin PBXGroup section */
		A36454621A9CD52700D8FD63 = {
			isa = PBXGroup;
			children = (
				A364546D1A9CD52700D8FD63 /* RESAssignment4 */,
				A36454811A9CD52800D8FD63 /* RESAssignment4Tests */,
				A364546C1A9CD52700D8FD63 /* Products */,
			);
			sourceTree = "<group>";
		};
		A364546C1A9CD52700D8FD63 /* Products */ = {
			isa = PBXGroup;
			children = (
				A364546B1A9CD52700D8FD63 /* RESAssignment4.app */,
				A364547E1A9CD52800D8FD63 /* RESAssignment4Tests.xctest */,
			);
			name = Products;
			sourceTree = "<group>";
		};
		A364546D1A9CD52700D8FD63 /* RESAssignment4 */ = {
			isa = PBXGroup;
			children = (
				A36454721A9CD52700D8FD63 /* AppDelegate.h */,
				A36454731A9CD52700D8FD63 /* AppDelegate.m */,
				A36454931A9CD5F000D8FD63 /* RESDataModel.h */,
				A36454941A9CD5F000D8FD63 /* RESDataModel.m */,
				A3CC1F8C1A9D0A3700F0365F /* RESTableViewController.h */,
				A3CC1F8D1A9D0A3700F0365F /* RESTableViewController.m */,
				A377888E1A9FC0E700BF4544 /* RESTableViewController.xib */,
				A3CC1F871A9D060D00F0365F /* RESWebViewController.h */,
				A3CC1F881A9D060D00F0365F /* RESWebViewController.m */,
				A3CC1F891A9D060D00F0365F /* RESWebViewController.xib */,
				A36454751A9CD52700D8FD63 /* Images.xcassets */,
				A36454771A9CD52700D8FD63 /* LaunchScreen.xib */,
				A364546E1A9CD52700D8FD63 /* Supporting Files */,
			);
			path = RESAssignment4;
			sourceTree = "<group>";
		};
		A364546E1A9CD52700D8FD63 /* Supporting Files */ = {
			isa = PBXGroup;
			children = (
				A364546F1A9CD52700D8FD63 /* Info.plist */,
				A36454701A9CD52700D8FD63 /* main.m */,
			);
			name = "Supporting Files";
			sourceTree = "<group>";
		};
		A36454811A9CD52800D8FD63 /* RESAssignment4Tests */ = {
			isa = PBXGroup;
			children = (
				A36454841A9CD52800D8FD63 /* RESAssignment4Tests.m */,
				A36454821A9CD52800D8FD63 /* Supporting Files */,
			);
			path = RESAssignment4Tests;
			sourceTree = "<group>";
		};
		A36454821A9CD52800D8FD63 /* Supporting Files */ = {
			isa = PBXGroup;
			children = (
				A36454831A9CD52800D8FD63 /* Info.plist */,
			);
			name = "Supporting Files";
			sourceTree = "<group>";
		};
/* End PBXGroup section */

/* Begin PBXNativeTarget section */
		A364546A1A9CD52700D8FD63 /* RESAssignment4 */ = {
			isa = PBXNativeTarget;
			buildConfigurationList = A36454881A9CD52800D8FD63 /* Build configuration list for PBXNativeTarget "RESAssignment4" */;
			buildPhases = (
				A36454671A9CD52700D8FD63 /* Sources */,
				A36454681A9CD52700D8FD63 /* Frameworks */,
				A36454691A9CD52700D8FD63 /* Resources */,
			);
			buildRules = (
			);
			dependencies = (
			);
			name = RESAssignment4;
			productName = RESAssignment4;
			productReference = A364546B1A9CD52700D8FD63 /* RESAssignment4.app */;
			productType = "com.apple.product-type.application";
		};
		A364547D1A9CD52800D8FD63 /* RESAssignment4Tests */ = {
			isa = PBXNativeTarget;
			buildConfigurationList = A364548B1A9CD52800D8FD63 /* Build configuration list for PBXNativeTarget "RESAssignment4Tests" */;
			buildPhases = (
				A364547A1A9CD52800D8FD63 /* Sources */,
				A364547B1A9CD52800D8FD63 /* Frameworks */,
				A364547C1A9CD52800D8FD63 /* Resources */,
			);
			buildRules = (
			);
			dependencies = (
				A36454801A9CD52800D8FD63 /* PBXTargetDependency */,
			);
			name = RESAssignment4Tests;
			productName = RESAssignment4Tests;
			productReference = A364547E1A9CD52800D8FD63 /* RESAssignment4Tests.xctest */;
			productType = "com.apple.product-type.bundle.unit-test";
		};
/* End PBXNativeTarget section */

/* Begin PBXProject section */
		A36454631A9CD52700D8FD63 /* Project object */ = {
			isa = PBXProject;
			attributes = {
				LastUpgradeCheck = 0610;
				ORGANIZATIONNAME = "Robert Slatkin";
				TargetAttributes = {
					A364546A1A9CD52700D8FD63 = {
						CreatedOnToolsVersion = 6.1.1;
					};
					A364547D1A9CD52800D8FD63 = {
						CreatedOnToolsVersion = 6.1.1;
						TestTargetID = A364546A1A9CD52700D8FD63;
					};
				};
			};
			buildConfigurationList = A36454661A9CD52700D8FD63 /* Build configuration list for PBXProject "RESAssignment4" */;
			compatibilityVersion = "Xcode 3.2";
			developmentRegion = English;
			hasScannedForEncodings = 0;
			knownRegions = (
				en,
				Base,
			);
			mainGroup = A36454621A9CD52700D8FD63;
			productRefGroup = A364546C1A9CD52700D8FD63 /* Products */;
			projectDirPath = "";
			projectRoot = "";
			targets = (
				A364546A1A9CD52700D8FD63 /* RESAssignment4 */,
				A364547D1A9CD52800D8FD63 /* RESAssignment4Tests */,
			);
		};
/* End PBXProject section */

/* Begin PBXResourcesBuildPhase section */
		A36454691A9CD52700D8FD63 /* Resources */ = {
			isa = PBXResourcesBuildPhase;
			buildActionMask = 2147483647;
			files = (
				A377888F1A9FC0E700BF4544 /* RESTableViewController.xib in Resources */,
				A3CC1F8B1A9D060D00F0365F /* RESWebViewController.xib in Resources */,
				A36454791A9CD52700D8FD63 /* LaunchScreen.xib in Resources */,
				A36454761A9CD52700D8FD63 /* Images.xcassets in Resources */,
			);
			runOnlyForDeploymentPostprocessing = 0;
		};
		A364547C1A9CD52800D8FD63 /* Resources */ = {
			isa = PBXResourcesBuildPhase;
			buildActionMask = 2147483647;
			files = (
			);
			runOnlyForDeploymentPostprocessing = 0;
		};
/* End PBXResourcesBuildPhase section */

/* Begin PBXSourcesBuildPhase section */
		A36454671A9CD52700D8FD63 /* Sources */ = {
			isa = PBXSourcesBuildPhase;
			buildActionMask = 2147483647;
			files = (
				A3CC1F8F1A9D0A3700F0365F /* RESTableViewController.m in Sources */,
				A36454741A9CD52700D8FD63 /* AppDelegate.m in Sources */,
				A36454951A9CD5F000D8FD63 /* RESDataModel.m in Sources */,
				A3CC1F8A1A9D060D00F0365F /* RESWebViewController.m in Sources */,
				A36454711A9CD52700D8FD63 /* main.m in Sources */,
			);
			runOnlyForDeploymentPostprocessing = 0;
		};
		A364547A1A9CD52800D8FD63 /* Sources */ = {
			isa = PBXSourcesBuildPhase;
			buildActionMask = 2147483647;
			files = (
				A36454851A9CD52800D8FD63 /* RESAssignment4Tests.m in Sources */,
			);
			runOnlyForDeploymentPostprocessing = 0;
		};
/* End PBXSourcesBuildPhase section */

/* Begin PBXTargetDependency section */
		A36454801A9CD52800D8FD63 /* PBXTargetDependency */ = {
			isa = PBXTargetDependency;
			target = A364546A1A9CD52700D8FD63 /* RESAssignment4 */;
			targetProxy = A364547F1A9CD52800D8FD63 /* PBXContainerItemProxy */;
		};
/* End PBXTargetDependency section */

/* Begin PBXVariantGroup section */
		A36454771A9CD52700D8FD63 /* LaunchScreen.xib */ = {
			isa = PBXVariantGroup;
			children = (
				A36454781A9CD52700D8FD63 /* Base */,
			);
			name = LaunchScreen.xib;
			sourceTree = "<group>";
		};
/* End PBXVariantGroup section */

/* Begin XCBuildConfiguration section */
		A36454861A9CD52800D8FD63 /* Debug */ = {
			isa = XCBuildConfiguration;
			buildSettings = {
				ALWAYS_SEARCH_USER_PATHS = NO;
				CLANG_CXX_LANGUAGE_STANDARD = "gnu++0x";
				CLANG_CXX_LIBRARY = "libc++";
				CLANG_ENABLE_MODULES = YES;
				CLANG_ENABLE_OBJC_ARC = YES;
				CLANG_WARN_BOOL_CONVERSION = YES;
				CLANG_WARN_CONSTANT_CONVERSION = YES;
				CLANG_WARN_DIRECT_OBJC_ISA_USAGE = YES_ERROR;
				CLANG_WARN_EMPTY_BODY = YES;
				CLANG_WARN_ENUM_CONVERSION = YES;
				CLANG_WARN_INT_CONVERSION = YES;
				CLANG_WARN_OBJC_ROOT_CLASS = YES_ERROR;
				CLANG_WARN_UNREACHABLE_CODE = YES;
				CLANG_WARN__DUPLICATE_METHOD_MATCH = YES;
				"CODE_SIGN_IDENTITY[sdk=iphoneos*]" = "iPhone Developer";
				COPY_PHASE_STRIP = NO;
				ENABLE_STRICT_OBJC_MSGSEND = YES;
				GCC_C_LANGUAGE_STANDARD = gnu99;
				GCC_DYNAMIC_NO_PIC = NO;
				GCC_OPTIMIZATION_LEVEL = 0;
				GCC_PREPROCESSOR_DEFINITIONS = (
					"DEBUG=1",
					"$(inherited)",
				);
				GCC_SYMBOLS_PRIVATE_EXTERN = NO;
				GCC_WARN_64_TO_32_BIT_CONVERSION = YES;
				GCC_WARN_ABOUT_RETURN_TYPE = YES_ERROR;
				GCC_WARN_UNDECLARED_SELECTOR = YES;
				GCC_WARN_UNINITIALIZED_AUTOS = YES_AGGRESSIVE;
				GCC_WARN_UNUSED_FUNCTION = YES;
				GCC_WARN_UNUSED_VARIABLE = YES;
				IPHONEOS_DEPLOYMENT_TARGET = 8.1;
				MTL_ENABLE_DEBUG_INFO = YES;
				ONLY_ACTIVE_ARCH = YES;
				SDKROOT = iphoneos;
			};
			name = Debug;
		};
		A36454871A9CD52800D8FD63 /* Release */ = {
			isa = XCBuildConfiguration;
			buildSettings = {
				ALWAYS_SEARCH_USER_PATHS = NO;
				CLANG_CXX_LANGUAGE_STANDARD = "gnu++0x";
				CLANG_CXX_LIBRARY = "libc++";
				CLANG_ENABLE_MODULES = YES;
				CLANG_ENABLE_OBJC_ARC = YES;
				CLANG_WARN_BOOL_CONVERSION = YES;
				CLANG_WARN_CONSTANT_CONVERSION = YES;
				CLANG_WARN_DIRECT_OBJC_ISA_USAGE = YES_ERROR;
				CLANG_WARN_EMPTY_BODY = YES;
				CLANG_WARN_ENUM_CONVERSION = YES;
				CLANG_WARN_INT_CONVERSION = YES;
				CLANG_WARN_OBJC_ROOT_CLASS = YES_ERROR;
				CLANG_WARN_UNREACHABLE_CODE = YES;
				CLANG_WARN__DUPLICATE_METHOD_MATCH = YES;
				"CODE_SIGN_IDENTITY[sdk=iphoneos*]" = "iPhone Developer";
				COPY_PHASE_STRIP = YES;
				ENABLE_NS_ASSERTIONS = NO;
				ENABLE_STRICT_OBJC_MSGSEND = YES;
				GCC_C_LANGUAGE_STANDARD = gnu99;
				GCC_WARN_64_TO_32_BIT_CONVERSION = YES;
				GCC_WARN_ABOUT_RETURN_TYPE = YES_ERROR;
				GCC_WARN_UNDECLARED_SELECTOR = YES;
				GCC_WARN_UNINITIALIZED_AUTOS = YES_AGGRESSIVE;
				GCC_WARN_UNUSED_FUNCTION = YES;
				GCC_WARN_UNUSED_VARIABLE = YES;
				IPHONEOS_DEPLOYMENT_TARGET = 8.1;
				MTL_ENABLE_DEBUG_INFO = NO;
				SDKROOT = iphoneos;
				VALIDATE_PRODUCT = YES;
			};
			name = Release;
		};
		A36454891A9CD52800D8FD63 /* Debug */ = {
			isa = XCBuildConfiguration;
			buildSettings = {
				ASSETCATALOG_COMPILER_APPICON_NAME = AppIcon;
				INFOPLIST_FILE = RESAssignment4/Info.plist;
				LD_RUNPATH_SEARCH_PATHS = "$(inherited) @executable_path/Frameworks";
				PRODUCT_NAME = "$(TARGET_NAME)";
			};
			name = Debug;
		};
		A364548A1A9CD52800D8FD63 /* Release */ = {
			isa = XCBuildConfiguration;
			buildSettings = {
				ASSETCATALOG_COMPILER_APPICON_NAME = AppIcon;
				INFOPLIST_FILE = RESAssignment4/Info.plist;
				LD_RUNPATH_SEARCH_PATHS = "$(inherited) @executable_path/Frameworks";
				PRODUCT_NAME = "$(TARGET_NAME)";
			};
			name = Release;
		};
		A364548C1A9CD52800D8FD63 /* Debug */ = {
			isa = XCBuildConfiguration;
			buildSettings = {
				BUNDLE_LOADER = "$(TEST_HOST)";
				FRAMEWORK_SEARCH_PATHS = (
					"$(SDKROOT)/Developer/Library/Frameworks",
					"$(inherited)",
				);
				GCC_PREPROCESSOR_DEFINITIONS = (
					"DEBUG=1",
					"$(inherited)",
				);
				INFOPLIST_FILE = RESAssignment4Tests/Info.plist;
				LD_RUNPATH_SEARCH_PATHS = "$(inherited) @executable_path/Frameworks @loader_path/Frameworks";
				PRODUCT_NAME = "$(TARGET_NAME)";
				TEST_HOST = "$(BUILT_PRODUCTS_DIR)/RESAssignment4.app/RESAssignment4";
			};
			name = Debug;
		};
		A364548D1A9CD52800D8FD63 /* Release */ = {
			isa = XCBuildConfiguration;
			buildSettings = {
				BUNDLE_LOADER = "$(TEST_HOST)";
				FRAMEWORK_SEARCH_PATHS = (
					"$(SDKROOT)/Developer/Library/Frameworks",
					"$(inherited)",
				);
				INFOPLIST_FILE = RESAssignment4Tests/Info.plist;
				LD_RUNPATH_SEARCH_PATHS = "$(inherited) @executable_path/Frameworks @loader_path/Frameworks";
				PRODUCT_NAME = "$(TARGET_NAME)";
				TEST_HOST = "$(BUILT_PRODUCTS_DIR)/RESAssignment4.app/RESAssignment4";
			};
			name = Release;
		};
/* End XCBuildConfiguration section */

/* Begin XCConfigurationList section */
		A36454661A9CD52700D8FD63 /* Build configuration list for PBXProject "RESAssignment4" */ = {
			isa = XCConfigurationList;
			buildConfigurations = (
				A36454861A9CD52800D8FD63 /* Debug */,
				A36454871A9CD52800D8FD63 /* Release */,
			);
			defaultConfigurationIsVisible = 0;
			defaultConfigurationName = Release;
		};
		A36454881A9CD52800D8FD63 /* Build configuration list for PBXNativeTarget "RESAssignment4" */ = {
			isa = XCConfigurationList;
			buildConfigurations = (
				A36454891A9CD52800D8FD63 /* Debug */,
				A364548A1A9CD52800D8FD63 /* Release */,
			);
			defaultConfigurationIsVisible = 0;
			defaultConfigurationName = Release;
		};
		A364548B1A9CD52800D8FD63 /* Build configuration list for PBXNativeTarget "RESAssignment4Tests" */ = {
			isa = XCConfigurationList;
			buildConfigurations = (
				A364548C1A9CD52800D8FD63 /* Debug */,
				A364548D1A9CD52800D8FD63 /* Release */,
			);
			defaultConfigurationIsVisible = 0;
			defaultConfigurationName = Release;
		};
/* End XCConfigurationList section */
	};
	rootObject = A36454631A9CD52700D8FD63 /* Project object */;
}
